
Microsoft Visual Studio Solution File, Format Version 12.00
# Visual Studio Version 16
VisualStudioVersion = 16.0.31025.194
MinimumVisualStudioVersion = 10.0.40219.1
Project("{FAE04EC0-301F-11D3-BF4B-00C04F79EFBC}") = "Dex++", "Dex++\Dex++.csproj", "{8E858B32-C67F-45EE-AC45-87B8001EC9BB}"
EndProject
Global
	GlobalSection(SolutionConfigurationPlatforms) = preSolution
		Debug|Any CPU = Debug|Any CPU
		Release|Any CPU = Release|Any CPU
	EndGlobalSection
	GlobalSection(ProjectConfigurationPlatforms) = postSolution
		{8E858B32-C67F-45EE-AC45-87B8001EC9BB}.Debug|Any CPU.ActiveCfg = Debug|Any CPU
		{8E858B32-C67F-45EE-AC45-87B8001EC9BB}.Debug|Any CPU.Build.0 = Debug|Any CPU
		{8E858B32-C67F-45EE-AC45-87B8001EC9BB}.Release|Any CPU.ActiveCfg = Release|Any CPU
		{8E858B32-C67F-45EE-AC45-87B8001EC9BB}.Release|Any CPU.Build.0 = Release|Any CPU
	EndGlobalSection
	GlobalSection(SolutionProperties) = preSolution
		HideSolutionNode = FALSE
	EndGlobalSection
	GlobalSection(ExtensibilityGlobals) = postSolution
		SolutionGuid = {9D3AF764-8FDF-48F9-ACEE-460ED90AB55F}
	EndGlobalSection
EndGlobal
